
Microsoft Visual Studio Solution File, Format Version 12.00
# Visual Studio Version 16
VisualStudioVersion = 16.0.30711.63
MinimumVisualStudioVersion = 10.0.40219.1
Project("{FAE04EC0-301F-11D3-BF4B-00C04F79EFBC}") = "LibraryWebApi", "LibraryWebApi\LibraryWebApi.csproj", "{3BD41BBF-1115-4399-A009-2E12D16DC38C}"
EndProject
Global
	GlobalSection(SolutionConfigurationPlatforms) = preSolution
		Debug|Any CPU = Debug|Any CPU
		Release|Any CPU = Release|Any CPU
	EndGlobalSection
	GlobalSection(ProjectConfigurationPlatforms) = postSolution
		{3BD41BBF-1115-4399-A009-2E12D16DC38C}.Debug|Any CPU.ActiveCfg = Debug|Any CPU
		{3BD41BBF-1115-4399-A009-2E12D16DC38C}.Debug|Any CPU.Build.0 = Debug|Any CPU
		{3BD41BBF-1115-4399-A009-2E12D16DC38C}.Release|Any CPU.ActiveCfg = Release|Any CPU
		{3BD41BBF-1115-4399-A009-2E12D16DC38C}.Release|Any CPU.Build.0 = Release|Any CPU
	EndGlobalSection
	GlobalSection(SolutionProperties) = preSolution
		HideSolutionNode = FALSE
	EndGlobalSection
	GlobalSection(ExtensibilityGlobals) = postSolution
		SolutionGuid = {76810F1D-85F0-4E8B-AF6E-E143625B665C}
	EndGlobalSection
EndGlobal
